<?xml version="1.0" encoding="utf-8"?>
<Project ToolsVersion="4.0" xmlns="http://schemas.microsoft.com/developer/msbuild/2003">
  <ItemGroup>
    <Filter Include="Archivos de origen">
      <UniqueIdentifier>{4FC737F1-C7A5-4376-A066-2A32D752A2FF}</UniqueIdentifier>
      <Extensions>cpp;c;cc;cxx;c++;cppm;ixx;def;odl;idl;hpj;bat;asm;asmx</Extensions>
    </Filter>
    <Filter Include="Archivos de encabezado">
      <UniqueIdentifier>{93995380-89BD-4b04-88EB-625FBE52EBFB}</UniqueIdentifier>
      <Extensions>h;hh;hpp;hxx;h++;hm;inl;inc;ipp;xsd</Extensions>
    </Filter>
    <Filter Include="Archivos de recursos">
      <UniqueIdentifier>{67DA6AB6-F800-4c08-8B7A-83BB121AAD01}</UniqueIdentifier>
      <Extensions>rc;ico;cur;bmp;dlg;rc2;rct;bin;rgs;gif;jpg;jpeg;jpe;resx;tiff;tif;png;wav;mfcribbon-ms</Extensions>
    </Filter>
    <Filter Include="Archivos de encabezado\Basic">
      <UniqueIdentifier>{42139a3f-8dcb-4068-a8e8-c02ae8e90b5e}</UniqueIdentifier>
    </Filter>
    <Filter Include="Archivos de origen\Basic">
      <UniqueIdentifier>{34a83f8f-c684-4a1f-a4f5-5c51f0931eff}</UniqueIdentifier>
    </Filter>
    <Filter Include="Archivos de encabezado\Packets">
      <UniqueIdentifier>{98e1a8cd-eabb-4799-856d-59e5e88a0ccf}</UniqueIdentifier>
    </Filter>
    <Filter Include="Archivos de origen\Packets">
      <UniqueIdentifier>{f67ee4ae-0bc6-46a8-b114-6462e65e85c4}</UniqueIdentifier>
    </Filter>
  </ItemGroup>
  <ItemGroup>
    <ClInclude Include="framework.h">
      <Filter>Archivos de encabezado\Basic</Filter>
    </ClInclude>
    <ClInclude Include="pch.h">
      <Filter>Archivos de encabezado\Basic</Filter>
    </ClInclude>
    <ClInclude Include="..\Src\Packets\PacketTelemetryData.h">
      <Filter>Archivos de encabezado\Packets</Filter>
    </ClInclude>
    <ClInclude Include="..\Src\Packets\PacketCarSetupsData.h">
      <Filter>Archivos de encabezado\Packets</Filter>
    </ClInclude>
    <ClInclude Include="..\Src\Packets\PacketCarStatusData.h">
      <Filter>Archivos de encabezado\Packets</Filter>
    </ClInclude>
    <ClInclude Include="..\Src\Packets\PacketEventData.h">
      <Filter>Archivos de encabezado\Packets</Filter>
    </ClInclude>
    <ClInclude Include="..\Src\Packets\PacketFinalClassificationData.h">
      <Filter>Archivos de encabezado\Packets</Filter>
    </ClInclude>
    <ClInclude Include="..\Src\Packets\PacketHeader.h">
      <Filter>Archivos de encabezado\Packets</Filter>
    </ClInclude>
    <ClInclude Include="..\Src\Packets\PacketLapData.h">
      <Filter>Archivos de encabezado\Packets</Filter>
    </ClInclude>
    <ClInclude Include="..\Src\Packets\PacketLobbyInfoData.h">
      <Filter>Archivos de encabezado\Packets</Filter>
    </ClInclude>
    <ClInclude Include="..\Src\Packets\PacketMotionData.h">
      <Filter>Archivos de encabezado\Packets</Filter>
    </ClInclude>
    <ClInclude Include="..\Src\Packets\PacketParticipantsData.h">
      <Filter>Archivos de encabezado\Packets</Filter>
    </ClInclude>
    <ClInclude Include="..\Src\Packets\PacketSessionData.h">
      <Filter>Archivos de encabezado\Packets</Filter>
    </ClInclude>
    <ClInclude Include="..\Src\F1TS_Externs.h">
      <Filter>Archivos de encabezado</Filter>
    </ClInclude>
    <ClInclude Include="..\Src\TelemetryF1.h">
      <Filter>Archivos de encabezado</Filter>
    </ClInclude>
    <ClInclude Include="..\Src\Packets\PacketManager.h">
      <Filter>Archivos de encabezado</Filter>
    </ClInclude>
  </ItemGroup>
  <ItemGroup>
    <ClCompile Include="dllmain.cpp">
      <Filter>Archivos de origen\Basic</Filter>
    </ClCompile>
    <ClCompile Include="pch.cpp">
      <Filter>Archivos de origen\Basic</Filter>
    </ClCompile>
    <ClCompile Include="..\Src\Packets\PacketCarSetupsData.cpp">
      <Filter>Archivos de origen\Packets</Filter>
    </ClCompile>
    <ClCompile Include="..\Src\Packets\PacketCarStatusData.cpp">
      <Filter>Archivos de origen\Packets</Filter>
    </ClCompile>
    <ClCompile Include="..\Src\Packets\PacketEventData.cpp">
      <Filter>Archivos de origen\Packets</Filter>
    </ClCompile>
    <ClCompile Include="..\Src\Packets\PacketFinalClassificationData.cpp">
      <Filter>Archivos de origen\Packets</Filter>
    </ClCompile>
    <ClCompile Include="..\Src\Packets\PacketHeader.cpp">
      <Filter>Archivos de origen\Packets</Filter>
    </ClCompile>
    <ClCompile Include="..\Src\Packets\PacketLapData.cpp">
      <Filter>Archivos de origen\Packets</Filter>
    </ClCompile>
    <ClCompile Include="..\Src\Packets\PacketLobbyInfoData.cpp">
      <Filter>Archivos de origen\Packets</Filter>
    </ClCompile>
    <ClCompile Include="..\Src\Packets\PacketMotionData.cpp">
      <Filter>Archivos de origen\Packets</Filter>
    </ClCompile>
    <ClCompile Include="..\Src\Packets\PacketParticipantsData.cpp">
      <Filter>Archivos de origen\Packets</Filter>
    </ClCompile>
    <ClCompile Include="..\Src\Packets\PacketSessionData.cpp">
      <Filter>Archivos de origen\Packets</Filter>
    </ClCompile>
    <ClCompile Include="..\Src\Packets\PacketTelemetryData.cpp">
      <Filter>Archivos de origen\Packets</Filter>
    </ClCompile>
    <ClCompile Include="..\Src\F1TS_Externs.cpp">
      <Filter>Archivos de origen</Filter>
    </ClCompile>
    <ClCompile Include="..\Src\TelemetryF1.cpp">
      <Filter>Archivos de origen</Filter>
    </ClCompile>
    <ClCompile Include="..\Src\Packets\PacketManager.cpp">
      <Filter>Archivos de origen</Filter>
    </ClCompile>
  </ItemGroup>
</Project>